github.com/SCKelemen/color v1.0.5 h1:Vzv2fC0/dl5tz8+4yRmnvBfcajvP2oKrZNIi8i+qBMA=
github.com/SCKelemen/color v1.0.5/go.mod h1:PLsuqFQyG+0jr7c+lz7hi6jDyZrwdmlk1m9+5EcL2nk=
github.com/SCKelemen/units v1.1.0 h1:Udw9ZEbozOzKH1BbaUu+/NmFG08tn5ypECZEkAl0mU8=
github.com/SCKelemen/units v1.1.0/go.mod h1:kgbJAQ+0m29oq171mOI4STRfOaTYij9rl9J4xOq1H7s=
golang.org/x/image v0.34.0 h1:33gCkyw9hmwbZJeZkct8XyR11yH889EQt/QH4VmXMn8=
golang.org/x/image v0.34.0/go.mod h1:2RNFBZRB+vnwwFil8GkMdRvrJOFd1AzdZI6vOY+eJVU=
